
Microsoft Visual Studio Solution File, Format Version 12.00
# Visual Studio Version 16
VisualStudioVersion = 16.0.31729.503
MinimumVisualStudioVersion = 10.0.40219.1
Project("{888888A0-9F3D-457C-B088-3A5042F75D52}") = "BusNetwork", "BusNetwork\BusNetwork.pyproj", "{307F5F14-CA7D-4E30-9A41-747493813699}"
EndProject
Global
	GlobalSection(SolutionConfigurationPlatforms) = preSolution
		Debug|Any CPU = Debug|Any CPU
		Release|Any CPU = Release|Any CPU
	EndGlobalSection
	GlobalSection(ProjectConfigurationPlatforms) = postSolution
		{307F5F14-CA7D-4E30-9A41-747493813699}.Debug|Any CPU.ActiveCfg = Debug|Any CPU
		{307F5F14-CA7D-4E30-9A41-747493813699}.Release|Any CPU.ActiveCfg = Release|Any CPU
	EndGlobalSection
	GlobalSection(SolutionProperties) = preSolution
		HideSolutionNode = FALSE
	EndGlobalSection
	GlobalSection(ExtensibilityGlobals) = postSolution
		SolutionGuid = {5F9D422E-FDBC-4850-9833-30595BAA354A}
	EndGlobalSection
EndGlobal
